github.com/crescolincs/lincs-theme v0.0.0-20240409152333-af5e11e7ace2 h1:6mJQOwp/XLG/RknrOw9yx+awsYzM2MU1UJBGmaScpEw=
github.com/crescolincs/lincs-theme v0.0.0-20240409152333-af5e11e7ace2/go.mod h1:ni1ll4vPX/ckofk6OO22SrUB+Vgms2jSZSE5gRuN+UY=
github.com/crescolincs/lincs-theme v0.0.0-20240410120437-9d4507a2ea1c h1:NPTrXSQ7N7SfHIAjzTwkTnn9mJkXRbc+ifDO1m8h3Ro=
github.com/crescolincs/lincs-theme v0.0.0-20240410120437-9d4507a2ea1c/go.mod h1:ni1ll4vPX/ckofk6OO22SrUB+Vgms2jSZSE5gRuN+UY=
github.com/crescolincs/lincs-theme v0.0.0-20240410121907-3f0a55dace15 h1:RMxXEaGW7IveWfENKlWNRbM0XL9QeZaPr1p7FGoFrVc=
github.com/crescolincs/lincs-theme v0.0.0-20240410121907-3f0a55dace15/go.mod h1:ni1ll4vPX/ckofk6OO22SrUB+Vgms2jSZSE5gRuN+UY=
github.com/crescolincs/lincs-theme v0.0.0-20240411093009-a63a15d4e142 h1:sYvL8/kRQc0bGTZXnWGVY/Gp4eHd+ew4yXv3Cbv4cG4=
github.com/crescolincs/lincs-theme v0.0.0-20240411093009-a63a15d4e142/go.mod h1:ni1ll4vPX/ckofk6OO22SrUB+Vgms2jSZSE5gRuN+UY=
github.com/crescolincs/lincs-theme v0.0.0-20240411181347-ad75aad5d1db h1:u1tAB5+nwXMY2xoT5dF7/CkEHYXRZQ+pJ/B0cwel9sY=
github.com/crescolincs/lincs-theme v0.0.0-20240411181347-ad75aad5d1db/go.mod h1:ni1ll4vPX/ckofk6OO22SrUB+Vgms2jSZSE5gRuN+UY=
github.com/crescolincs/lincs-theme v0.0.0-20240411183439-3d914405f255 h1:KlGVBmf0IkAaW59sByqA+idm1tVZ1OY/CeolRuM4Ubo=
github.com/crescolincs/lincs-theme v0.0.0-20240411183439-3d914405f255/go.mod h1:ni1ll4vPX/ckofk6OO22SrUB+Vgms2jSZSE5gRuN+UY=
github.com/crescolincs/lincs-theme v0.0.0-20240413142503-e014b0126658 h1:UYTkG4RkCd7SOaaln56IVf5788GwzYXO0t7DGRcp2+o=
github.com/crescolincs/lincs-theme v0.0.0-20240413142503-e014b0126658/go.mod h1:ni1ll4vPX/ckofk6OO22SrUB+Vgms2jSZSE5gRuN+UY=
github.com/crescolincs/lincs-theme v0.0.0-20240415223037-8f4e3b30f828 h1:5NfW+GA+4iT6sC9IG70wN8QDd0qP+i9fmYv2h8HqGAs=
github.com/crescolincs/lincs-theme v0.0.0-20240415223037-8f4e3b30f828/go.mod h1:ni1ll4vPX/ckofk6OO22SrUB+Vgms2jSZSE5gRuN+UY=
github.com/crescolincs/lincs-theme v0.0.0-20240416113547-9b60f6401c8f h1:500kaRBvKiH33oqQCeepbUzgg/TVr2Hco6NceeQy7oI=
github.com/crescolincs/lincs-theme v0.0.0-20240416113547-9b60f6401c8f/go.mod h1:ni1ll4vPX/ckofk6OO22SrUB+Vgms2jSZSE5gRuN+UY=
github.com/crescolincs/lincs-theme v0.0.0-20240416113718-6c69185230ee h1:msS8Nf0FE35QKYpagaHFZ9swwiqrmucDs/noykhGl1w=
github.com/crescolincs/lincs-theme v0.0.0-20240416113718-6c69185230ee/go.mod h1:ni1ll4vPX/ckofk6OO22SrUB+Vgms2jSZSE5gRuN+UY=
github.com/crescolincs/lincs-theme v0.0.0-20240416115914-3b9a224865be h1:B3Vi6EmjDXcCYOtRM0hfNznV6wN/1eJKftq25MgVy5w=
github.com/crescolincs/lincs-theme v0.0.0-20240416115914-3b9a224865be/go.mod h1:ni1ll4vPX/ckofk6OO22SrUB+Vgms2jSZSE5gRuN+UY=
github.com/crescolincs/lincs-theme v0.0.0-20240417110805-46c509ed8573 h1:O90hzt3OEaEVjO+F/jUoU8iH5AEX1nISeyRDjK7jaMI=
github.com/crescolincs/lincs-theme v0.0.0-20240417110805-46c509ed8573/go.mod h1:ni1ll4vPX/ckofk6OO22SrUB+Vgms2jSZSE5gRuN+UY=
github.com/crescolincs/lincs-theme v0.0.0-20240417114538-0690661b7ab7 h1:A2XNaO+MVJQLkZeqhMLGDaHLhfHT1K03X7sH3NB7XSo=
github.com/crescolincs/lincs-theme v0.0.0-20240417114538-0690661b7ab7/go.mod h1:ni1ll4vPX/ckofk6OO22SrUB+Vgms2jSZSE5gRuN+UY=
github.com/crescolincs/lincs-theme v0.0.0-20240417154749-c05cb8b51651 h1:QdcImflG+mKZsAoNdWBKOx2dJdqj3z4ExQAk9ZsegiI=
github.com/crescolincs/lincs-theme v0.0.0-20240417154749-c05cb8b51651/go.mod h1:ni1ll4vPX/ckofk6OO22SrUB+Vgms2jSZSE5gRuN+UY=
github.com/crescolincs/lincs-theme v0.0.0-20240417173648-2c52ca671502 h1:JCaN5ViQJsivMuKMfpn+OOstLst8qhAU/dwgGFWdRV4=
github.com/crescolincs/lincs-theme v0.0.0-20240417173648-2c52ca671502/go.mod h1:ni1ll4vPX/ckofk6OO22SrUB+Vgms2jSZSE5gRuN+UY=
github.com/crescolincs/lincs-theme v0.0.0-20240417180022-8484e46e3526 h1:hMUYKgZ/S8YlkwXFAs8GhZ6nco5lccp1COeawlet1uc=
github.com/crescolincs/lincs-theme v0.0.0-20240417180022-8484e46e3526/go.mod h1:ni1ll4vPX/ckofk6OO22SrUB+Vgms2jSZSE5gRuN+UY=
github.com/crescolincs/lincs-theme v0.0.0-20240417180324-3de473771c02 h1:TpHMOpR2c3N01tUPtNMmJE+eDLveVpMaMja3NPtIWYU=
github.com/crescolincs/lincs-theme v0.0.0-20240417180324-3de473771c02/go.mod h1:ni1ll4vPX/ckofk6OO22SrUB+Vgms2jSZSE5gRuN+UY=
github.com/crescolincs/lincs-theme v0.0.0-20240417181533-51c9946b3398 h1:b/uDjQGgc2P2e0ko62e5y1p0I6UyN1reBOnEG8Qn1zw=
github.com/crescolincs/lincs-theme v0.0.0-20240417181533-51c9946b3398/go.mod h1:ni1ll4vPX/ckofk6OO22SrUB+Vgms2jSZSE5gRuN+UY=
github.com/crescolincs/lincs-theme v0.0.0-20240419150351-e43288a74c76 h1:DiNvDN4BeTSnylmfIcBmuMO6bg/wWKXLLexddbK0/50=
github.com/crescolincs/lincs-theme v0.0.0-20240419150351-e43288a74c76/go.mod h1:ni1ll4vPX/ckofk6OO22SrUB+Vgms2jSZSE5gRuN+UY=
github.com/crescolincs/lincs-theme v0.0.0-20240419204428-8e5a99f7e645 h1:8gAIfepxhjX/A/ReGtiyIhI5K7x2E+XHUlYujgPXxFA=
github.com/crescolincs/lincs-theme v0.0.0-20240419204428-8e5a99f7e645/go.mod h1:ni1ll4vPX/ckofk6OO22SrUB+Vgms2jSZSE5gRuN+UY=
github.com/crescolincs/lincs-theme v0.0.0-20240419210214-a14bbd8c37a5 h1:EhLZeydGh/F3snkD8I/02s3Y7Ieub/idbE+at7YIzQI=
github.com/crescolincs/lincs-theme v0.0.0-20240419210214-a14bbd8c37a5/go.mod h1:ni1ll4vPX/ckofk6OO22SrUB+Vgms2jSZSE5gRuN+UY=
github.com/crescolincs/lincs-theme v0.0.0-20240420091801-b9c33c4c26e9 h1:VMbfQn3eoyYxkP52z/1q+f3H399Nao+bC3PFntj2uyM=
github.com/crescolincs/lincs-theme v0.0.0-20240420091801-b9c33c4c26e9/go.mod h1:ni1ll4vPX/ckofk6OO22SrUB+Vgms2jSZSE5gRuN+UY=
github.com/crescolincs/lincs-theme v0.0.0-20240421140251-a334700e6fc6 h1:SurAQvNPIMVQid60LRcNCSJHHxJTctfcQ5UUBGcDIVU=
github.com/crescolincs/lincs-theme v0.0.0-20240421140251-a334700e6fc6/go.mod h1:ni1ll4vPX/ckofk6OO22SrUB+Vgms2jSZSE5gRuN+UY=
github.com/crescolincs/lincs-theme v0.0.0-20240501133720-23dfa4659406 h1:hAXdq5TBor9cU92I9v4LXGstoYiAlusoXdZikOSYyFE=
github.com/crescolincs/lincs-theme v0.0.0-20240501133720-23dfa4659406/go.mod h1:ni1ll4vPX/ckofk6OO22SrUB+Vgms2jSZSE5gRuN+UY=
github.com/crescolincs/lincs-theme v0.0.0-20240508141336-829f092ec981 h1:Uaz1yZvxa7iOKin9oJYUG9lH9yZ+mFrWPkauDize3qY=
github.com/crescolincs/lincs-theme v0.0.0-20240508141336-829f092ec981/go.mod h1:ni1ll4vPX/ckofk6OO22SrUB+Vgms2jSZSE5gRuN+UY=
